
Microsoft Visual Studio Solution File, Format Version 12.00
# Visual Studio Version 16
VisualStudioVersion = 16.0.30104.148
MinimumVisualStudioVersion = 10.0.40219.1
Project("{9A19103F-16F7-4668-BE54-9A1E7A4F7556}") = "QServiceDog", "QServiceDog\QServiceDog.csproj", "{A52FD3B1-31B3-452F-8528-4C1DD516C4B7}"
EndProject
Global
	GlobalSection(SolutionConfigurationPlatforms) = preSolution
		Debug|Any CPU = Debug|Any CPU
		IISRelease|Any CPU = IISRelease|Any CPU
		Release|Any CPU = Release|Any CPU
	EndGlobalSection
	GlobalSection(ProjectConfigurationPlatforms) = postSolution
		{A52FD3B1-31B3-452F-8528-4C1DD516C4B7}.Debug|Any CPU.ActiveCfg = Debug|Any CPU
		{A52FD3B1-31B3-452F-8528-4C1DD516C4B7}.Debug|Any CPU.Build.0 = Debug|Any CPU
		{A52FD3B1-31B3-452F-8528-4C1DD516C4B7}.IISRelease|Any CPU.ActiveCfg = IISRelease|Any CPU
		{A52FD3B1-31B3-452F-8528-4C1DD516C4B7}.IISRelease|Any CPU.Build.0 = IISRelease|Any CPU
		{A52FD3B1-31B3-452F-8528-4C1DD516C4B7}.Release|Any CPU.ActiveCfg = Release|Any CPU
		{A52FD3B1-31B3-452F-8528-4C1DD516C4B7}.Release|Any CPU.Build.0 = Release|Any CPU
	EndGlobalSection
	GlobalSection(SolutionProperties) = preSolution
		HideSolutionNode = FALSE
	EndGlobalSection
	GlobalSection(ExtensibilityGlobals) = postSolution
		SolutionGuid = {01E3ED7A-0C32-42D5-909D-27F047BCE209}
	EndGlobalSection
EndGlobal
